[root]
name = "radium"
version = "0.1.0"
dependencies = [
 "sfml 0.12.0 (git+https://github.com/thealexhoar/rust-sfml)",
]

[[package]]
name = "bitflags"
version = "0.5.0"
source = "registry+https://github.com/rust-lang/crates.io-index"

[[package]]
name = "csfml-audio-sys"
version = "0.2.0"
source = "git+https://github.com/thealexhoar/rust-sfml#f64e10a96722f0f2b38d63c386a67e53e09c791c"
dependencies = [
 "csfml-system-sys 0.2.1 (git+https://github.com/thealexhoar/rust-sfml)",
 "sfml-build 0.1.0 (git+https://github.com/thealexhoar/rust-sfml)",
]

[[package]]
name = "csfml-graphics-sys"
version = "0.3.0"
source = "git+https://github.com/thealexhoar/rust-sfml#f64e10a96722f0f2b38d63c386a67e53e09c791c"
dependencies = [
 "csfml-system-sys 0.2.1 (git+https://github.com/thealexhoar/rust-sfml)",
 "csfml-window-sys 0.2.0 (git+https://github.com/thealexhoar/rust-sfml)",
 "sfml-build 0.1.0 (git+https://github.com/thealexhoar/rust-sfml)",
]

[[package]]
name = "csfml-system-sys"
version = "0.2.1"
source = "git+https://github.com/thealexhoar/rust-sfml#f64e10a96722f0f2b38d63c386a67e53e09c791c"
dependencies = [
 "sfml-build 0.1.0 (git+https://github.com/thealexhoar/rust-sfml)",
]

[[package]]
name = "csfml-window-sys"
version = "0.2.0"
source = "git+https://github.com/thealexhoar/rust-sfml#f64e10a96722f0f2b38d63c386a67e53e09c791c"
dependencies = [
 "csfml-system-sys 0.2.1 (git+https://github.com/thealexhoar/rust-sfml)",
 "sfml-build 0.1.0 (git+https://github.com/thealexhoar/rust-sfml)",
]

[[package]]
name = "sfml"
version = "0.12.0"
source = "git+https://github.com/thealexhoar/rust-sfml#f64e10a96722f0f2b38d63c386a67e53e09c791c"
dependencies = [
 "bitflags 0.5.0 (registry+https://github.com/rust-lang/crates.io-index)",
 "csfml-audio-sys 0.2.0 (git+https://github.com/thealexhoar/rust-sfml)",
 "csfml-graphics-sys 0.3.0 (git+https://github.com/thealexhoar/rust-sfml)",
 "csfml-system-sys 0.2.1 (git+https://github.com/thealexhoar/rust-sfml)",
 "csfml-window-sys 0.2.0 (git+https://github.com/thealexhoar/rust-sfml)",
]

[[package]]
name = "sfml-build"
version = "0.1.0"
source = "git+https://github.com/thealexhoar/rust-sfml#f64e10a96722f0f2b38d63c386a67e53e09c791c"

[metadata]
"checksum bitflags 0.5.0 (registry+https://github.com/rust-lang/crates.io-index)" = "4f67931368edf3a9a51d29886d245f1c3db2f1ef0dcc9e35ff70341b78c10d23"
"checksum csfml-audio-sys 0.2.0 (git+https://github.com/thealexhoar/rust-sfml)" = "<none>"
"checksum csfml-graphics-sys 0.3.0 (git+https://github.com/thealexhoar/rust-sfml)" = "<none>"
"checksum csfml-system-sys 0.2.1 (git+https://github.com/thealexhoar/rust-sfml)" = "<none>"
"checksum csfml-window-sys 0.2.0 (git+https://github.com/thealexhoar/rust-sfml)" = "<none>"
"checksum sfml 0.12.0 (git+https://github.com/thealexhoar/rust-sfml)" = "<none>"
"checksum sfml-build 0.1.0 (git+https://github.com/thealexhoar/rust-sfml)" = "<none>"
